
Microsoft Visual Studio Solution File, Format Version 12.00
# Visual Studio Version 16
VisualStudioVersion = 16.0.29215.179
MinimumVisualStudioVersion = 10.0.40219.1
Project("{FAE04EC0-301F-11D3-BF4B-00C04F79EFBC}") = "SortMatrixColumns", "SortMatrixColumns\SortMatrixColumns.csproj", "{C80B9DFC-BC65-4E55-9533-CC46F0591543}"
EndProject
Global
	GlobalSection(SolutionConfigurationPlatforms) = preSolution
		Debug|Any CPU = Debug|Any CPU
		Release|Any CPU = Release|Any CPU
	EndGlobalSection
	GlobalSection(ProjectConfigurationPlatforms) = postSolution
		{C80B9DFC-BC65-4E55-9533-CC46F0591543}.Debug|Any CPU.ActiveCfg = Debug|Any CPU
		{C80B9DFC-BC65-4E55-9533-CC46F0591543}.Debug|Any CPU.Build.0 = Debug|Any CPU
		{C80B9DFC-BC65-4E55-9533-CC46F0591543}.Release|Any CPU.ActiveCfg = Release|Any CPU
		{C80B9DFC-BC65-4E55-9533-CC46F0591543}.Release|Any CPU.Build.0 = Release|Any CPU
	EndGlobalSection
	GlobalSection(SolutionProperties) = preSolution
		HideSolutionNode = FALSE
	EndGlobalSection
	GlobalSection(ExtensibilityGlobals) = postSolution
		SolutionGuid = {A7B4AD97-0EC9-4749-B286-7AD92C1FE3A6}
	EndGlobalSection
EndGlobal
