
Microsoft Visual Studio Solution File, Format Version 12.00
Project("{FAE04EC0-301F-11D3-BF4B-00C04F79EFBC}") = "ExpressionTreeTask", "ExpressionTreeTask\ExpressionTreeTask.csproj", "{260C869F-D460-4E4A-80EF-1B0B5C94735F}"
EndProject
Project("{FAE04EC0-301F-11D3-BF4B-00C04F79EFBC}") = "ExpressionTreeTests", "ExpressionTreeTests\ExpressionTreeTests.csproj", "{49E44D67-EF28-426B-BB54-4F495114F60B}"
EndProject
Global
	GlobalSection(SolutionConfigurationPlatforms) = preSolution
		Debug|Any CPU = Debug|Any CPU
		Release|Any CPU = Release|Any CPU
	EndGlobalSection
	GlobalSection(ProjectConfigurationPlatforms) = postSolution
		{260C869F-D460-4E4A-80EF-1B0B5C94735F}.Debug|Any CPU.ActiveCfg = Debug|Any CPU
		{260C869F-D460-4E4A-80EF-1B0B5C94735F}.Debug|Any CPU.Build.0 = Debug|Any CPU
		{260C869F-D460-4E4A-80EF-1B0B5C94735F}.Release|Any CPU.ActiveCfg = Release|Any CPU
		{260C869F-D460-4E4A-80EF-1B0B5C94735F}.Release|Any CPU.Build.0 = Release|Any CPU
		{49E44D67-EF28-426B-BB54-4F495114F60B}.Debug|Any CPU.ActiveCfg = Debug|Any CPU
		{49E44D67-EF28-426B-BB54-4F495114F60B}.Debug|Any CPU.Build.0 = Debug|Any CPU
		{49E44D67-EF28-426B-BB54-4F495114F60B}.Release|Any CPU.ActiveCfg = Release|Any CPU
		{49E44D67-EF28-426B-BB54-4F495114F60B}.Release|Any CPU.Build.0 = Release|Any CPU
	EndGlobalSection
EndGlobal
