
Microsoft Visual Studio Solution File, Format Version 12.00
# Visual Studio Version 16
VisualStudioVersion = 16.0.29926.136
MinimumVisualStudioVersion = 10.0.40219.1
Project("{9A19103F-16F7-4668-BE54-9A1E7A4F7556}") = "ConsoleGame", "ConsoleGame\ConsoleGame.csproj", "{A08E7E12-CD67-4659-9554-B8708437F3EE}"
EndProject
Project("{FAE04EC0-301F-11D3-BF4B-00C04F79EFBC}") = "ConsoleGameTests", "ConsoleGameTests\ConsoleGameTests.csproj", "{B4F13133-5B62-49A5-8322-D96692E76187}"
EndProject
Global
	GlobalSection(SolutionConfigurationPlatforms) = preSolution
		Debug|Any CPU = Debug|Any CPU
		Release|Any CPU = Release|Any CPU
	EndGlobalSection
	GlobalSection(ProjectConfigurationPlatforms) = postSolution
		{A08E7E12-CD67-4659-9554-B8708437F3EE}.Debug|Any CPU.ActiveCfg = Debug|Any CPU
		{A08E7E12-CD67-4659-9554-B8708437F3EE}.Debug|Any CPU.Build.0 = Debug|Any CPU
		{A08E7E12-CD67-4659-9554-B8708437F3EE}.Release|Any CPU.ActiveCfg = Release|Any CPU
		{A08E7E12-CD67-4659-9554-B8708437F3EE}.Release|Any CPU.Build.0 = Release|Any CPU
		{B4F13133-5B62-49A5-8322-D96692E76187}.Debug|Any CPU.ActiveCfg = Debug|Any CPU
		{B4F13133-5B62-49A5-8322-D96692E76187}.Debug|Any CPU.Build.0 = Debug|Any CPU
		{B4F13133-5B62-49A5-8322-D96692E76187}.Release|Any CPU.ActiveCfg = Release|Any CPU
		{B4F13133-5B62-49A5-8322-D96692E76187}.Release|Any CPU.Build.0 = Release|Any CPU
	EndGlobalSection
	GlobalSection(SolutionProperties) = preSolution
		HideSolutionNode = FALSE
	EndGlobalSection
	GlobalSection(ExtensibilityGlobals) = postSolution
		SolutionGuid = {76D224FC-57D2-4573-9D7E-5703D131AAD1}
	EndGlobalSection
EndGlobal
