
Microsoft Visual Studio Solution File, Format Version 12.00
Project("{FAE04EC0-301F-11D3-BF4B-00C04F79EFBC}") = "SetRealisation", "SetRealisation\SetRealisation.csproj", "{DE8AEC6C-799C-4020-AF1F-FC904BF75BF2}"
EndProject
Project("{FAE04EC0-301F-11D3-BF4B-00C04F79EFBC}") = "SetRealisationTest", "SetRealisationTest\SetRealisationTest.csproj", "{EE44480B-58E6-460B-BC24-B164556FF3CA}"
EndProject
Global
	GlobalSection(SolutionConfigurationPlatforms) = preSolution
		Debug|Any CPU = Debug|Any CPU
		Release|Any CPU = Release|Any CPU
	EndGlobalSection
	GlobalSection(ProjectConfigurationPlatforms) = postSolution
		{DE8AEC6C-799C-4020-AF1F-FC904BF75BF2}.Debug|Any CPU.ActiveCfg = Debug|Any CPU
		{DE8AEC6C-799C-4020-AF1F-FC904BF75BF2}.Debug|Any CPU.Build.0 = Debug|Any CPU
		{DE8AEC6C-799C-4020-AF1F-FC904BF75BF2}.Release|Any CPU.ActiveCfg = Release|Any CPU
		{DE8AEC6C-799C-4020-AF1F-FC904BF75BF2}.Release|Any CPU.Build.0 = Release|Any CPU
		{EE44480B-58E6-460B-BC24-B164556FF3CA}.Debug|Any CPU.ActiveCfg = Debug|Any CPU
		{EE44480B-58E6-460B-BC24-B164556FF3CA}.Debug|Any CPU.Build.0 = Debug|Any CPU
		{EE44480B-58E6-460B-BC24-B164556FF3CA}.Release|Any CPU.ActiveCfg = Release|Any CPU
		{EE44480B-58E6-460B-BC24-B164556FF3CA}.Release|Any CPU.Build.0 = Release|Any CPU
	EndGlobalSection
EndGlobal
